<?xml version="1.0" encoding="utf-8"?>
<Project ToolsVersion="4.0" xmlns="http://schemas.microsoft.com/developer/msbuild/2003">
  <ItemGroup>
    <Filter Include="源文件">
      <UniqueIdentifier>{4FC737F1-C7A5-4376-A066-2A32D752A2FF}</UniqueIdentifier>
      <Extensions>cpp;c;cc;cxx;c++;def;odl;idl;hpj;bat;asm;asmx</Extensions>
    </Filter>
    <Filter Include="资源文件">
      <UniqueIdentifier>{67DA6AB6-F800-4c08-8B7A-83BB121AAD01}</UniqueIdentifier>
      <Extensions>rc;ico;cur;bmp;dlg;rc2;rct;bin;rgs;gif;jpg;jpeg;jpe;resx;tiff;tif;png;wav;mfcribbon-ms</Extensions>
    </Filter>
    <Filter Include="public">
      <UniqueIdentifier>{4258e168-147d-4c87-ac55-162785291a5a}</UniqueIdentifier>
    </Filter>
    <Filter Include="public\getopt9">
      <UniqueIdentifier>{c7470eb6-a01d-4fdb-a16f-dece5ca134b2}</UniqueIdentifier>
    </Filter>
  </ItemGroup>
  <ItemGroup>
    <ClCompile Include="main.cpp">
      <Filter>源文件</Filter>
    </ClCompile>
    <ClCompile Include="tap.cpp">
      <Filter>源文件</Filter>
    </ClCompile>
    <ClCompile Include="CProxy.cpp">
      <Filter>源文件</Filter>
    </ClCompile>
    <ClCompile Include="CNodeCan.cpp">
      <Filter>源文件</Filter>
    </ClCompile>
    <ClCompile Include="CNodeTun.cpp">
      <Filter>源文件</Filter>
    </ClCompile>
    <ClCompile Include="can.cpp">
      <Filter>源文件</Filter>
    </ClCompile>
    <ClCompile Include="..\public\unitcodec.cpp">
      <Filter>public</Filter>
    </ClCompile>
    <ClCompile Include="..\public\log.cpp">
      <Filter>public</Filter>
    </ClCompile>
    <ClCompile Include="..\public\getopt9\getopt.c">
      <Filter>public\getopt9</Filter>
    </ClCompile>
    <ClCompile Include="global.cpp">
      <Filter>源文件</Filter>
    </ClCompile>
  </ItemGroup>
  <ItemGroup>
    <ClInclude Include="ControlCAN.h">
      <Filter>源文件</Filter>
    </ClInclude>
    <ClInclude Include="tap.h">
      <Filter>源文件</Filter>
    </ClInclude>
    <ClInclude Include="tap-windows.h">
      <Filter>源文件</Filter>
    </ClInclude>
    <ClInclude Include="CProxy.h">
      <Filter>源文件</Filter>
    </ClInclude>
    <ClInclude Include="CNode.h">
      <Filter>源文件</Filter>
    </ClInclude>
    <ClInclude Include="CNodeTun.h">
      <Filter>源文件</Filter>
    </ClInclude>
    <ClInclude Include="CNodeCan.h">
      <Filter>源文件</Filter>
    </ClInclude>
    <ClInclude Include="can.h">
      <Filter>源文件</Filter>
    </ClInclude>
    <ClInclude Include="..\public\unitcodec.h">
      <Filter>public</Filter>
    </ClInclude>
    <ClInclude Include="..\public\log.h">
      <Filter>public</Filter>
    </ClInclude>
    <ClInclude Include="..\public\getopt9\getopt.h">
      <Filter>public\getopt9</Filter>
    </ClInclude>
    <ClInclude Include="..\public\getopt9\tailor.h">
      <Filter>public\getopt9</Filter>
    </ClInclude>
    <ClInclude Include="global.h">
      <Filter>源文件</Filter>
    </ClInclude>
  </ItemGroup>
</Project>